
Microsoft Visual Studio Solution File, Format Version 12.00
# Visual Studio Version 17
VisualStudioVersion = 17.9.34622.214
MinimumVisualStudioVersion = 10.0.40219.1
Project("{9A19103F-16F7-4668-BE54-9A1E7A4F7556}") = "WebAPI", "WebAPI\WebAPI.csproj", "{D1F3969F-367B-4BB5-BA76-1437992902B4}"
EndProject
Project("{2150E333-8FDC-42A3-9474-1A3956D46DE8}") = "files", "files", "{C68FB43F-1AC2-464A-B494-42CF8F33CED8}"
	ProjectSection(SolutionItems) = preProject
		TestTask\data.csv = TestTask\data.csv
		TestTask\Test case.pdf = TestTask\Test case.pdf
	EndProjectSection
EndProject
Project("{E53339B2-1760-4266-BCC7-CA923CBCF16C}") = "docker-compose", "docker-compose.dcproj", "{3F41C166-1C0D-4CEF-8378-3E9EBFF93765}"
EndProject
Global
	GlobalSection(SolutionConfigurationPlatforms) = preSolution
		Debug|Any CPU = Debug|Any CPU
		Release|Any CPU = Release|Any CPU
	EndGlobalSection
	GlobalSection(ProjectConfigurationPlatforms) = postSolution
		{D1F3969F-367B-4BB5-BA76-1437992902B4}.Debug|Any CPU.ActiveCfg = Debug|Any CPU
		{D1F3969F-367B-4BB5-BA76-1437992902B4}.Debug|Any CPU.Build.0 = Debug|Any CPU
		{D1F3969F-367B-4BB5-BA76-1437992902B4}.Release|Any CPU.ActiveCfg = Release|Any CPU
		{D1F3969F-367B-4BB5-BA76-1437992902B4}.Release|Any CPU.Build.0 = Release|Any CPU
		{3F41C166-1C0D-4CEF-8378-3E9EBFF93765}.Debug|Any CPU.ActiveCfg = Debug|Any CPU
		{3F41C166-1C0D-4CEF-8378-3E9EBFF93765}.Debug|Any CPU.Build.0 = Debug|Any CPU
		{3F41C166-1C0D-4CEF-8378-3E9EBFF93765}.Release|Any CPU.ActiveCfg = Release|Any CPU
		{3F41C166-1C0D-4CEF-8378-3E9EBFF93765}.Release|Any CPU.Build.0 = Release|Any CPU
	EndGlobalSection
	GlobalSection(SolutionProperties) = preSolution
		HideSolutionNode = FALSE
	EndGlobalSection
	GlobalSection(ExtensibilityGlobals) = postSolution
		SolutionGuid = {C0D07054-C63C-42BE-8A55-9704679DCF1B}
	EndGlobalSection
EndGlobal
